{
  "nodes": {
    "nixpkgs": {
      "locked": {
        "lastModified": 1763690947,
        "narHash": "sha256-FYPQu4BHxQrl8NLzEZosfkRAJwv7da6cDIxvWWp9tds=",
        "owner": "NixOS",
        "repo": "nixpkgs",
        "rev": "22f52cc6ee8f5d8989d2912db4e645090b78ca34",
        "type": "github"
      },
      "original": {
        "owner": "NixOS",
        "repo": "nixpkgs",
        "type": "github"
      }
    },
    "root": {
      "inputs": {
        "nixpkgs": "nixpkgs"
      }
    }
  },
  "root": "root",
  "version": 7
}
